
Microsoft Visual Studio Solution File, Format Version 12.00
# Visual Studio 15
VisualStudioVersion = 15.0.27130.2036
MinimumVisualStudioVersion = 10.0.40219.1
Project("{F184B08F-C81C-45F6-A57F-5ABD9991F28F}") = "Sandovala_Lab5", "Sandovala_Lab5.vbproj", "{495FA147-817B-4E68-9A4F-6DF50BFE6745}"
EndProject
Global
	GlobalSection(SolutionConfigurationPlatforms) = preSolution
		Debug|Any CPU = Debug|Any CPU
		Release|Any CPU = Release|Any CPU
	EndGlobalSection
	GlobalSection(ProjectConfigurationPlatforms) = postSolution
		{495FA147-817B-4E68-9A4F-6DF50BFE6745}.Debug|Any CPU.ActiveCfg = Debug|Any CPU
		{495FA147-817B-4E68-9A4F-6DF50BFE6745}.Debug|Any CPU.Build.0 = Debug|Any CPU
		{495FA147-817B-4E68-9A4F-6DF50BFE6745}.Release|Any CPU.ActiveCfg = Release|Any CPU
		{495FA147-817B-4E68-9A4F-6DF50BFE6745}.Release|Any CPU.Build.0 = Release|Any CPU
	EndGlobalSection
	GlobalSection(SolutionProperties) = preSolution
		HideSolutionNode = FALSE
	EndGlobalSection
	GlobalSection(ExtensibilityGlobals) = postSolution
		SolutionGuid = {2B799424-3822-4D74-AF18-D453CAC4D4B7}
	EndGlobalSection
EndGlobal
