
Microsoft Visual Studio Solution File, Format Version 12.00
# Visual Studio 15
VisualStudioVersion = 15.0.27428.1
MinimumVisualStudioVersion = 10.0.40219.1
Project("{F184B08F-C81C-45F6-A57F-5ABD9991F28F}") = "Sandovala_Lab1", "Sandovala_Lab1.vbproj", "{4E3B1F00-92B4-495C-A394-D55CB44F97A3}"
EndProject
Global
	GlobalSection(SolutionConfigurationPlatforms) = preSolution
		Debug|Any CPU = Debug|Any CPU
		Release|Any CPU = Release|Any CPU
	EndGlobalSection
	GlobalSection(ProjectConfigurationPlatforms) = postSolution
		{4E3B1F00-92B4-495C-A394-D55CB44F97A3}.Debug|Any CPU.ActiveCfg = Debug|Any CPU
		{4E3B1F00-92B4-495C-A394-D55CB44F97A3}.Debug|Any CPU.Build.0 = Debug|Any CPU
		{4E3B1F00-92B4-495C-A394-D55CB44F97A3}.Release|Any CPU.ActiveCfg = Release|Any CPU
		{4E3B1F00-92B4-495C-A394-D55CB44F97A3}.Release|Any CPU.Build.0 = Release|Any CPU
	EndGlobalSection
	GlobalSection(SolutionProperties) = preSolution
		HideSolutionNode = FALSE
	EndGlobalSection
	GlobalSection(ExtensibilityGlobals) = postSolution
		SolutionGuid = {EA06131B-0E2C-4268-ACAD-80F216FBA3F7}
	EndGlobalSection
EndGlobal
